
Microsoft Visual Studio Solution File, Format Version 12.00
# Visual Studio Version 16
VisualStudioVersion = 16.0.30204.135
MinimumVisualStudioVersion = 10.0.40219.1
Project("{2150E333-8FDC-42A3-9474-1A3956D46DE8}") = "oAuth2", "oAuth2", "{F688D1BB-AD79-4E51-AE32-F6183ECCE72C}"
EndProject
Project("{9A19103F-16F7-4668-BE54-9A1E7A4F7556}") = "IdentityServerCenter", "IdentityServerCenter\IdentityServerCenter.csproj", "{D477CDED-9F0E-48AD-9D19-A5C840DC9190}"
EndProject
Project("{9A19103F-16F7-4668-BE54-9A1E7A4F7556}") = "ClientCredentialApi", "ClientCredentialApi\ClientCredentialApi.csproj", "{51DC86B2-ACCB-443A-8B49-BD0A78EA09C8}"
EndProject
Project("{9A19103F-16F7-4668-BE54-9A1E7A4F7556}") = "ThirdPartyDemo", "ThirdPartyDemo\ThirdPartyDemo.csproj", "{14E05778-61E7-41F2-8247-B7FA356ACB78}"
EndProject
Project("{9A19103F-16F7-4668-BE54-9A1E7A4F7556}") = "Mvc", "Mvc\Mvc.csproj", "{65703274-0F8C-4348-A2F9-57A26CC26149}"
EndProject
Project("{9A19103F-16F7-4668-BE54-9A1E7A4F7556}") = "MvcClient", "MvcClient\MvcClient.csproj", "{F2862418-0CB7-4F59-9CD8-82206A2EB861}"
EndProject
Project("{2150E333-8FDC-42A3-9474-1A3956D46DE8}") = "设计模式", "设计模式", "{E5E9D861-A283-4591-AE68-3C176E7998ED}"
EndProject
Project("{9A19103F-16F7-4668-BE54-9A1E7A4F7556}") = "DesignMode", "DesignMode\DesignMode.csproj", "{D6243E61-B7AB-4807-9ECB-1BAB4FCF7BD2}"
EndProject
Project("{9A19103F-16F7-4668-BE54-9A1E7A4F7556}") = "Design.Decorator", "Design.Decorator\Design.Decorator.csproj", "{16E6016C-F486-45B4-B14A-4C22809A16B5}"
EndProject
Project("{2150E333-8FDC-42A3-9474-1A3956D46DE8}") = "ReadAndWriteSeparation", "ReadAndWriteSeparation", "{F7AD26B4-9F97-49EB-BB4A-E0E21616053D}"
EndProject
Project("{FAE04EC0-301F-11D3-BF4B-00C04F79EFBC}") = "lib", "lib\lib.csproj", "{08C045AC-720A-4309-80BF-A5BE2AFACC75}"
EndProject
Project("{FAE04EC0-301F-11D3-BF4B-00C04F79EFBC}") = "Api", "ReadWriteSeparation\Api\Api.csproj", "{ED1F7E0A-5EA2-4429-B482-C80296121373}"
EndProject
Global
	GlobalSection(SolutionConfigurationPlatforms) = preSolution
		Debug|Any CPU = Debug|Any CPU
		Release|Any CPU = Release|Any CPU
	EndGlobalSection
	GlobalSection(ProjectConfigurationPlatforms) = postSolution
		{D477CDED-9F0E-48AD-9D19-A5C840DC9190}.Debug|Any CPU.ActiveCfg = Debug|Any CPU
		{D477CDED-9F0E-48AD-9D19-A5C840DC9190}.Debug|Any CPU.Build.0 = Debug|Any CPU
		{D477CDED-9F0E-48AD-9D19-A5C840DC9190}.Release|Any CPU.ActiveCfg = Release|Any CPU
		{D477CDED-9F0E-48AD-9D19-A5C840DC9190}.Release|Any CPU.Build.0 = Release|Any CPU
		{51DC86B2-ACCB-443A-8B49-BD0A78EA09C8}.Debug|Any CPU.ActiveCfg = Debug|Any CPU
		{51DC86B2-ACCB-443A-8B49-BD0A78EA09C8}.Debug|Any CPU.Build.0 = Debug|Any CPU
		{51DC86B2-ACCB-443A-8B49-BD0A78EA09C8}.Release|Any CPU.ActiveCfg = Release|Any CPU
		{51DC86B2-ACCB-443A-8B49-BD0A78EA09C8}.Release|Any CPU.Build.0 = Release|Any CPU
		{14E05778-61E7-41F2-8247-B7FA356ACB78}.Debug|Any CPU.ActiveCfg = Debug|Any CPU
		{14E05778-61E7-41F2-8247-B7FA356ACB78}.Debug|Any CPU.Build.0 = Debug|Any CPU
		{14E05778-61E7-41F2-8247-B7FA356ACB78}.Release|Any CPU.ActiveCfg = Release|Any CPU
		{14E05778-61E7-41F2-8247-B7FA356ACB78}.Release|Any CPU.Build.0 = Release|Any CPU
		{65703274-0F8C-4348-A2F9-57A26CC26149}.Debug|Any CPU.ActiveCfg = Debug|Any CPU
		{65703274-0F8C-4348-A2F9-57A26CC26149}.Debug|Any CPU.Build.0 = Debug|Any CPU
		{65703274-0F8C-4348-A2F9-57A26CC26149}.Release|Any CPU.ActiveCfg = Release|Any CPU
		{65703274-0F8C-4348-A2F9-57A26CC26149}.Release|Any CPU.Build.0 = Release|Any CPU
		{F2862418-0CB7-4F59-9CD8-82206A2EB861}.Debug|Any CPU.ActiveCfg = Debug|Any CPU
		{F2862418-0CB7-4F59-9CD8-82206A2EB861}.Debug|Any CPU.Build.0 = Debug|Any CPU
		{F2862418-0CB7-4F59-9CD8-82206A2EB861}.Release|Any CPU.ActiveCfg = Release|Any CPU
		{F2862418-0CB7-4F59-9CD8-82206A2EB861}.Release|Any CPU.Build.0 = Release|Any CPU
		{D6243E61-B7AB-4807-9ECB-1BAB4FCF7BD2}.Debug|Any CPU.ActiveCfg = Debug|Any CPU
		{D6243E61-B7AB-4807-9ECB-1BAB4FCF7BD2}.Debug|Any CPU.Build.0 = Debug|Any CPU
		{D6243E61-B7AB-4807-9ECB-1BAB4FCF7BD2}.Release|Any CPU.ActiveCfg = Release|Any CPU
		{D6243E61-B7AB-4807-9ECB-1BAB4FCF7BD2}.Release|Any CPU.Build.0 = Release|Any CPU
		{16E6016C-F486-45B4-B14A-4C22809A16B5}.Debug|Any CPU.ActiveCfg = Debug|Any CPU
		{16E6016C-F486-45B4-B14A-4C22809A16B5}.Debug|Any CPU.Build.0 = Debug|Any CPU
		{16E6016C-F486-45B4-B14A-4C22809A16B5}.Release|Any CPU.ActiveCfg = Release|Any CPU
		{16E6016C-F486-45B4-B14A-4C22809A16B5}.Release|Any CPU.Build.0 = Release|Any CPU
		{08C045AC-720A-4309-80BF-A5BE2AFACC75}.Debug|Any CPU.ActiveCfg = Debug|Any CPU
		{08C045AC-720A-4309-80BF-A5BE2AFACC75}.Debug|Any CPU.Build.0 = Debug|Any CPU
		{08C045AC-720A-4309-80BF-A5BE2AFACC75}.Release|Any CPU.ActiveCfg = Release|Any CPU
		{08C045AC-720A-4309-80BF-A5BE2AFACC75}.Release|Any CPU.Build.0 = Release|Any CPU
		{ED1F7E0A-5EA2-4429-B482-C80296121373}.Debug|Any CPU.ActiveCfg = Debug|Any CPU
		{ED1F7E0A-5EA2-4429-B482-C80296121373}.Debug|Any CPU.Build.0 = Debug|Any CPU
		{ED1F7E0A-5EA2-4429-B482-C80296121373}.Release|Any CPU.ActiveCfg = Release|Any CPU
		{ED1F7E0A-5EA2-4429-B482-C80296121373}.Release|Any CPU.Build.0 = Release|Any CPU
	EndGlobalSection
	GlobalSection(SolutionProperties) = preSolution
		HideSolutionNode = FALSE
	EndGlobalSection
	GlobalSection(NestedProjects) = preSolution
		{D477CDED-9F0E-48AD-9D19-A5C840DC9190} = {F688D1BB-AD79-4E51-AE32-F6183ECCE72C}
		{51DC86B2-ACCB-443A-8B49-BD0A78EA09C8} = {F688D1BB-AD79-4E51-AE32-F6183ECCE72C}
		{14E05778-61E7-41F2-8247-B7FA356ACB78} = {F688D1BB-AD79-4E51-AE32-F6183ECCE72C}
		{65703274-0F8C-4348-A2F9-57A26CC26149} = {F688D1BB-AD79-4E51-AE32-F6183ECCE72C}
		{F2862418-0CB7-4F59-9CD8-82206A2EB861} = {F688D1BB-AD79-4E51-AE32-F6183ECCE72C}
		{D6243E61-B7AB-4807-9ECB-1BAB4FCF7BD2} = {E5E9D861-A283-4591-AE68-3C176E7998ED}
		{16E6016C-F486-45B4-B14A-4C22809A16B5} = {E5E9D861-A283-4591-AE68-3C176E7998ED}
		{08C045AC-720A-4309-80BF-A5BE2AFACC75} = {F7AD26B4-9F97-49EB-BB4A-E0E21616053D}
		{ED1F7E0A-5EA2-4429-B482-C80296121373} = {F7AD26B4-9F97-49EB-BB4A-E0E21616053D}
	EndGlobalSection
	GlobalSection(ExtensibilityGlobals) = postSolution
		SolutionGuid = {C9310BCB-2099-4F9A-AFD9-39BA1533517D}
	EndGlobalSection
EndGlobal
