
Microsoft Visual Studio Solution File, Format Version 12.00
# Visual Studio Version 16
VisualStudioVersion = 16.0.30204.135
MinimumVisualStudioVersion = 10.0.40219.1
Project("{2150E333-8FDC-42A3-9474-1A3956D46DE8}") = "oAuth2", "oAuth2", "{F688D1BB-AD79-4E51-AE32-F6183ECCE72C}"
EndProject
Project("{9A19103F-16F7-4668-BE54-9A1E7A4F7556}") = "IdentityServerCenter", "IdentityServerCenter\IdentityServerCenter.csproj", "{D477CDED-9F0E-48AD-9D19-A5C840DC9190}"
EndProject
Project("{9A19103F-16F7-4668-BE54-9A1E7A4F7556}") = "ClientCredentialApi", "ClientCredentialApi\ClientCredentialApi.csproj", "{51DC86B2-ACCB-443A-8B49-BD0A78EA09C8}"
EndProject
Project("{9A19103F-16F7-4668-BE54-9A1E7A4F7556}") = "ThirdPartyDemo", "ThirdPartyDemo\ThirdPartyDemo.csproj", "{14E05778-61E7-41F2-8247-B7FA356ACB78}"
EndProject
Project("{9A19103F-16F7-4668-BE54-9A1E7A4F7556}") = "Mvc", "Mvc\Mvc.csproj", "{65703274-0F8C-4348-A2F9-57A26CC26149}"
EndProject
Project("{9A19103F-16F7-4668-BE54-9A1E7A4F7556}") = "MvcClient", "MvcClient\MvcClient.csproj", "{F2862418-0CB7-4F59-9CD8-82206A2EB861}"
EndProject
Project("{2150E333-8FDC-42A3-9474-1A3956D46DE8}") = "设计模式", "设计模式", "{E5E9D861-A283-4591-AE68-3C176E7998ED}"
EndProject
Project("{2150E333-8FDC-42A3-9474-1A3956D46DE8}") = "ReadAndWriteSeparation", "ReadAndWriteSeparation", "{F7AD26B4-9F97-49EB-BB4A-E0E21616053D}"
EndProject
Project("{9A19103F-16F7-4668-BE54-9A1E7A4F7556}") = "lib", "ReadWriteSeparation\lib\lib.csproj", "{08C045AC-720A-4309-80BF-A5BE2AFACC75}"
EndProject
Project("{9A19103F-16F7-4668-BE54-9A1E7A4F7556}") = "Api", "ReadWriteSeparation\Api\Api.csproj", "{ED1F7E0A-5EA2-4429-B482-C80296121373}"
EndProject
Project("{2150E333-8FDC-42A3-9474-1A3956D46DE8}") = "行为型设计模式", "行为型设计模式", "{0D503FBD-F534-4E48-B9C6-FFE92FB75410}"
EndProject
Project("{2150E333-8FDC-42A3-9474-1A3956D46DE8}") = "创建型设计模式", "创建型设计模式", "{6F050126-EF11-4B3A-927D-8FB3C3DF27E3}"
EndProject
Project("{2150E333-8FDC-42A3-9474-1A3956D46DE8}") = "结构型设计模式", "结构型设计模式", "{6E7BF9E9-05A5-42D9-A938-6611B8885601}"
EndProject
Project("{FAE04EC0-301F-11D3-BF4B-00C04F79EFBC}") = "CreationDesign", "设计模式\创建型设计模式\CreationDesign\CreationDesign.csproj", "{AD2DC0C3-BEE1-42C3-AE41-44AC31926581}"
EndProject
Project("{FAE04EC0-301F-11D3-BF4B-00C04F79EFBC}") = "BehavioralDesign", "设计模式\行为型设计模式\BehavioralDesign\BehavioralDesign.csproj", "{0090731A-7C7E-4833-819A-BC2E8B2587D5}"
EndProject
Project("{FAE04EC0-301F-11D3-BF4B-00C04F79EFBC}") = "StructureDesign", "设计模式\结构型设计模式\StructureDesign\StructureDesign.csproj", "{1B9E81EA-6E1D-4B9B-BF97-FD53EE2B7D6A}"
EndProject
Project("{FAE04EC0-301F-11D3-BF4B-00C04F79EFBC}") = "DesignPatterns", "设计模式\DesignPatterns\DesignPatterns.csproj", "{B451130A-0A0F-407F-9C40-8881CC758FEE}"
EndProject
Global
	GlobalSection(SolutionConfigurationPlatforms) = preSolution
		Debug|Any CPU = Debug|Any CPU
		Release|Any CPU = Release|Any CPU
	EndGlobalSection
	GlobalSection(ProjectConfigurationPlatforms) = postSolution
		{D477CDED-9F0E-48AD-9D19-A5C840DC9190}.Debug|Any CPU.ActiveCfg = Debug|Any CPU
		{D477CDED-9F0E-48AD-9D19-A5C840DC9190}.Debug|Any CPU.Build.0 = Debug|Any CPU
		{D477CDED-9F0E-48AD-9D19-A5C840DC9190}.Release|Any CPU.ActiveCfg = Release|Any CPU
		{D477CDED-9F0E-48AD-9D19-A5C840DC9190}.Release|Any CPU.Build.0 = Release|Any CPU
		{51DC86B2-ACCB-443A-8B49-BD0A78EA09C8}.Debug|Any CPU.ActiveCfg = Debug|Any CPU
		{51DC86B2-ACCB-443A-8B49-BD0A78EA09C8}.Debug|Any CPU.Build.0 = Debug|Any CPU
		{51DC86B2-ACCB-443A-8B49-BD0A78EA09C8}.Release|Any CPU.ActiveCfg = Release|Any CPU
		{51DC86B2-ACCB-443A-8B49-BD0A78EA09C8}.Release|Any CPU.Build.0 = Release|Any CPU
		{14E05778-61E7-41F2-8247-B7FA356ACB78}.Debug|Any CPU.ActiveCfg = Debug|Any CPU
		{14E05778-61E7-41F2-8247-B7FA356ACB78}.Debug|Any CPU.Build.0 = Debug|Any CPU
		{14E05778-61E7-41F2-8247-B7FA356ACB78}.Release|Any CPU.ActiveCfg = Release|Any CPU
		{14E05778-61E7-41F2-8247-B7FA356ACB78}.Release|Any CPU.Build.0 = Release|Any CPU
		{65703274-0F8C-4348-A2F9-57A26CC26149}.Debug|Any CPU.ActiveCfg = Debug|Any CPU
		{65703274-0F8C-4348-A2F9-57A26CC26149}.Debug|Any CPU.Build.0 = Debug|Any CPU
		{65703274-0F8C-4348-A2F9-57A26CC26149}.Release|Any CPU.ActiveCfg = Release|Any CPU
		{65703274-0F8C-4348-A2F9-57A26CC26149}.Release|Any CPU.Build.0 = Release|Any CPU
		{F2862418-0CB7-4F59-9CD8-82206A2EB861}.Debug|Any CPU.ActiveCfg = Debug|Any CPU
		{F2862418-0CB7-4F59-9CD8-82206A2EB861}.Debug|Any CPU.Build.0 = Debug|Any CPU
		{F2862418-0CB7-4F59-9CD8-82206A2EB861}.Release|Any CPU.ActiveCfg = Release|Any CPU
		{F2862418-0CB7-4F59-9CD8-82206A2EB861}.Release|Any CPU.Build.0 = Release|Any CPU
		{08C045AC-720A-4309-80BF-A5BE2AFACC75}.Debug|Any CPU.ActiveCfg = Debug|Any CPU
		{08C045AC-720A-4309-80BF-A5BE2AFACC75}.Debug|Any CPU.Build.0 = Debug|Any CPU
		{08C045AC-720A-4309-80BF-A5BE2AFACC75}.Release|Any CPU.ActiveCfg = Release|Any CPU
		{08C045AC-720A-4309-80BF-A5BE2AFACC75}.Release|Any CPU.Build.0 = Release|Any CPU
		{ED1F7E0A-5EA2-4429-B482-C80296121373}.Debug|Any CPU.ActiveCfg = Debug|Any CPU
		{ED1F7E0A-5EA2-4429-B482-C80296121373}.Debug|Any CPU.Build.0 = Debug|Any CPU
		{ED1F7E0A-5EA2-4429-B482-C80296121373}.Release|Any CPU.ActiveCfg = Release|Any CPU
		{ED1F7E0A-5EA2-4429-B482-C80296121373}.Release|Any CPU.Build.0 = Release|Any CPU
		{AD2DC0C3-BEE1-42C3-AE41-44AC31926581}.Debug|Any CPU.ActiveCfg = Debug|Any CPU
		{AD2DC0C3-BEE1-42C3-AE41-44AC31926581}.Debug|Any CPU.Build.0 = Debug|Any CPU
		{AD2DC0C3-BEE1-42C3-AE41-44AC31926581}.Release|Any CPU.ActiveCfg = Release|Any CPU
		{AD2DC0C3-BEE1-42C3-AE41-44AC31926581}.Release|Any CPU.Build.0 = Release|Any CPU
		{0090731A-7C7E-4833-819A-BC2E8B2587D5}.Debug|Any CPU.ActiveCfg = Debug|Any CPU
		{0090731A-7C7E-4833-819A-BC2E8B2587D5}.Debug|Any CPU.Build.0 = Debug|Any CPU
		{0090731A-7C7E-4833-819A-BC2E8B2587D5}.Release|Any CPU.ActiveCfg = Release|Any CPU
		{0090731A-7C7E-4833-819A-BC2E8B2587D5}.Release|Any CPU.Build.0 = Release|Any CPU
		{1B9E81EA-6E1D-4B9B-BF97-FD53EE2B7D6A}.Debug|Any CPU.ActiveCfg = Debug|Any CPU
		{1B9E81EA-6E1D-4B9B-BF97-FD53EE2B7D6A}.Debug|Any CPU.Build.0 = Debug|Any CPU
		{1B9E81EA-6E1D-4B9B-BF97-FD53EE2B7D6A}.Release|Any CPU.ActiveCfg = Release|Any CPU
		{1B9E81EA-6E1D-4B9B-BF97-FD53EE2B7D6A}.Release|Any CPU.Build.0 = Release|Any CPU
		{B451130A-0A0F-407F-9C40-8881CC758FEE}.Debug|Any CPU.ActiveCfg = Debug|Any CPU
		{B451130A-0A0F-407F-9C40-8881CC758FEE}.Debug|Any CPU.Build.0 = Debug|Any CPU
		{B451130A-0A0F-407F-9C40-8881CC758FEE}.Release|Any CPU.ActiveCfg = Release|Any CPU
		{B451130A-0A0F-407F-9C40-8881CC758FEE}.Release|Any CPU.Build.0 = Release|Any CPU
	EndGlobalSection
	GlobalSection(SolutionProperties) = preSolution
		HideSolutionNode = FALSE
	EndGlobalSection
	GlobalSection(NestedProjects) = preSolution
		{D477CDED-9F0E-48AD-9D19-A5C840DC9190} = {F688D1BB-AD79-4E51-AE32-F6183ECCE72C}
		{51DC86B2-ACCB-443A-8B49-BD0A78EA09C8} = {F688D1BB-AD79-4E51-AE32-F6183ECCE72C}
		{14E05778-61E7-41F2-8247-B7FA356ACB78} = {F688D1BB-AD79-4E51-AE32-F6183ECCE72C}
		{65703274-0F8C-4348-A2F9-57A26CC26149} = {F688D1BB-AD79-4E51-AE32-F6183ECCE72C}
		{F2862418-0CB7-4F59-9CD8-82206A2EB861} = {F688D1BB-AD79-4E51-AE32-F6183ECCE72C}
		{08C045AC-720A-4309-80BF-A5BE2AFACC75} = {F7AD26B4-9F97-49EB-BB4A-E0E21616053D}
		{ED1F7E0A-5EA2-4429-B482-C80296121373} = {F7AD26B4-9F97-49EB-BB4A-E0E21616053D}
		{0D503FBD-F534-4E48-B9C6-FFE92FB75410} = {E5E9D861-A283-4591-AE68-3C176E7998ED}
		{6F050126-EF11-4B3A-927D-8FB3C3DF27E3} = {E5E9D861-A283-4591-AE68-3C176E7998ED}
		{6E7BF9E9-05A5-42D9-A938-6611B8885601} = {E5E9D861-A283-4591-AE68-3C176E7998ED}
		{AD2DC0C3-BEE1-42C3-AE41-44AC31926581} = {6F050126-EF11-4B3A-927D-8FB3C3DF27E3}
		{0090731A-7C7E-4833-819A-BC2E8B2587D5} = {0D503FBD-F534-4E48-B9C6-FFE92FB75410}
		{1B9E81EA-6E1D-4B9B-BF97-FD53EE2B7D6A} = {6E7BF9E9-05A5-42D9-A938-6611B8885601}
		{B451130A-0A0F-407F-9C40-8881CC758FEE} = {E5E9D861-A283-4591-AE68-3C176E7998ED}
	EndGlobalSection
	GlobalSection(ExtensibilityGlobals) = postSolution
		SolutionGuid = {C9310BCB-2099-4F9A-AFD9-39BA1533517D}
	EndGlobalSection
EndGlobal
